
Microsoft Visual Studio Solution File, Format Version 12.00
# Visual Studio 2013
VisualStudioVersion = 12.0.30626.0
MinimumVisualStudioVersion = 10.0.40219.1
Project("{2150E333-8FDC-42A3-9474-1A3956D46DE8}") = ".nuget", ".nuget", "{C4B33B36-95E6-46B8-833B-78435831F6BB}"
	ProjectSection(SolutionItems) = preProject
		.nuget\NuGet.Config = .nuget\NuGet.Config
		.nuget\NuGet.exe = .nuget\NuGet.exe
		.nuget\NuGet.targets = .nuget\NuGet.targets
	EndProjectSection
EndProject
Project("{2150E333-8FDC-42A3-9474-1A3956D46DE8}") = "Solution Items", "Solution Items", "{667179F3-52DA-498C-B4B4-4BF612BA140E}"
	ProjectSection(SolutionItems) = preProject
		.gitattributes = .gitattributes
		.gitignore = .gitignore
		LICENSE = LICENSE
		README.md = README.md
	EndProjectSection
EndProject
Project("{FAE04EC0-301F-11D3-BF4B-00C04F79EFBC}") = "MetadataMarkdownSharp", "MetadataMarkdownSharp\MetadataMarkdownSharp.csproj", "{3EE47835-AF96-4222-8589-55E7BD19909F}"
EndProject
Project("{FAE04EC0-301F-11D3-BF4B-00C04F79EFBC}") = "MetadataMarkdownSharpTests", "MetadataMarkdownSharpTests\MetadataMarkdownSharpTests.csproj", "{8050C049-E0F0-44FC-89D7-2961D95D8A12}"
EndProject
Global
	GlobalSection(SolutionConfigurationPlatforms) = preSolution
		Debug|Any CPU = Debug|Any CPU
		Release|Any CPU = Release|Any CPU
	EndGlobalSection
	GlobalSection(ProjectConfigurationPlatforms) = postSolution
		{3EE47835-AF96-4222-8589-55E7BD19909F}.Debug|Any CPU.ActiveCfg = Debug|Any CPU
		{3EE47835-AF96-4222-8589-55E7BD19909F}.Debug|Any CPU.Build.0 = Debug|Any CPU
		{3EE47835-AF96-4222-8589-55E7BD19909F}.Release|Any CPU.ActiveCfg = Release|Any CPU
		{3EE47835-AF96-4222-8589-55E7BD19909F}.Release|Any CPU.Build.0 = Release|Any CPU
		{8050C049-E0F0-44FC-89D7-2961D95D8A12}.Debug|Any CPU.ActiveCfg = Debug|Any CPU
		{8050C049-E0F0-44FC-89D7-2961D95D8A12}.Debug|Any CPU.Build.0 = Debug|Any CPU
		{8050C049-E0F0-44FC-89D7-2961D95D8A12}.Release|Any CPU.ActiveCfg = Release|Any CPU
		{8050C049-E0F0-44FC-89D7-2961D95D8A12}.Release|Any CPU.Build.0 = Release|Any CPU
	EndGlobalSection
	GlobalSection(SolutionProperties) = preSolution
		HideSolutionNode = FALSE
	EndGlobalSection
EndGlobal
